
Microsoft Visual Studio Solution File, Format Version 12.00
# Visual Studio 15
VisualStudioVersion = 15.0.28307.136
MinimumVisualStudioVersion = 10.0.40219.1
Project("{FAE04EC0-301F-11D3-BF4B-00C04F79EFBC}") = "SignalGenerators", "Signal_generators\SignalGenerators.csproj", "{17E0426C-09BF-403D-8982-CA880689A01C}"
EndProject
Project("{FAE04EC0-301F-11D3-BF4B-00C04F79EFBC}") = "View", "View\View.csproj", "{A1143B62-7F24-4AD4-BFF4-EF1FE218DDB9}"
EndProject
Project("{FAE04EC0-301F-11D3-BF4B-00C04F79EFBC}") = "SignalUtils", "SignalUtils\SignalUtils.csproj", "{35A979E8-5374-41CC-95A1-4363AC53D21F}"
EndProject
Global
	GlobalSection(SolutionConfigurationPlatforms) = preSolution
		Debug|Any CPU = Debug|Any CPU
		Release|Any CPU = Release|Any CPU
	EndGlobalSection
	GlobalSection(ProjectConfigurationPlatforms) = postSolution
		{17E0426C-09BF-403D-8982-CA880689A01C}.Debug|Any CPU.ActiveCfg = Debug|Any CPU
		{17E0426C-09BF-403D-8982-CA880689A01C}.Debug|Any CPU.Build.0 = Debug|Any CPU
		{17E0426C-09BF-403D-8982-CA880689A01C}.Release|Any CPU.ActiveCfg = Release|Any CPU
		{17E0426C-09BF-403D-8982-CA880689A01C}.Release|Any CPU.Build.0 = Release|Any CPU
		{A1143B62-7F24-4AD4-BFF4-EF1FE218DDB9}.Debug|Any CPU.ActiveCfg = Debug|Any CPU
		{A1143B62-7F24-4AD4-BFF4-EF1FE218DDB9}.Debug|Any CPU.Build.0 = Debug|Any CPU
		{A1143B62-7F24-4AD4-BFF4-EF1FE218DDB9}.Release|Any CPU.ActiveCfg = Release|Any CPU
		{A1143B62-7F24-4AD4-BFF4-EF1FE218DDB9}.Release|Any CPU.Build.0 = Release|Any CPU
		{35A979E8-5374-41CC-95A1-4363AC53D21F}.Debug|Any CPU.ActiveCfg = Debug|Any CPU
		{35A979E8-5374-41CC-95A1-4363AC53D21F}.Debug|Any CPU.Build.0 = Debug|Any CPU
		{35A979E8-5374-41CC-95A1-4363AC53D21F}.Release|Any CPU.ActiveCfg = Release|Any CPU
		{35A979E8-5374-41CC-95A1-4363AC53D21F}.Release|Any CPU.Build.0 = Release|Any CPU
	EndGlobalSection
	GlobalSection(SolutionProperties) = preSolution
		HideSolutionNode = FALSE
	EndGlobalSection
	GlobalSection(ExtensibilityGlobals) = postSolution
		SolutionGuid = {E51916AB-E50E-4214-8DA3-70A1F5953D21}
	EndGlobalSection
EndGlobal
